// !$*UTF8*$!
{
	archiveVersion = 1;
	classes = {
	};
	objectVersion = 46;
	objects = {

/* Begin PBXBuildFile section */
		B501DFFA1C30F1AF00D052CB /* PetViewController.swift in Sources */ = {isa = PBXBuildFile; fileRef = B501DFF91C30F1AF00D052CB /* PetViewController.swift */; };
		B544EF9C1C2FA25500796724 /* Utilities.swift in Sources */ = {isa = PBXBuildFile; fileRef = B544EF9A1C2FA25500796724 /* Utilities.swift */; };
		B544EF9D1C2FA25500796724 /* UtilitiesConstants.swift in Sources */ = {isa = PBXBuildFile; fileRef = B544EF9B1C2FA25500796724 /* UtilitiesConstants.swift */; };
		B56193C21C290E6700B0C0FF /* Pin+CoreDataProperties.swift in Sources */ = {isa = PBXBuildFile; fileRef = B56193C01C290E6700B0C0FF /* Pin+CoreDataProperties.swift */; };
		B56193C31C290E6700B0C0FF /* Pin.swift in Sources */ = {isa = PBXBuildFile; fileRef = B56193C11C290E6700B0C0FF /* Pin.swift */; };
		B5678BC91BF692BC00FE99B9 /* AppDelegate.swift in Sources */ = {isa = PBXBuildFile; fileRef = B5678BC81BF692BC00FE99B9 /* AppDelegate.swift */; };
		B5678BCE1BF692BC00FE99B9 /* Main.storyboard in Resources */ = {isa = PBXBuildFile; fileRef = B5678BCC1BF692BC00FE99B9 /* Main.storyboard */; };
		B5678BD11BF692BC00FE99B9 /* PurrfectCompanion.xcdatamodeld in Sources */ = {isa = PBXBuildFile; fileRef = B5678BCF1BF692BC00FE99B9 /* PurrfectCompanion.xcdatamodeld */; };
		B5678BD31BF692BC00FE99B9 /* Assets.xcassets in Resources */ = {isa = PBXBuildFile; fileRef = B5678BD21BF692BC00FE99B9 /* Assets.xcassets */; };
		B5678BD61BF692BC00FE99B9 /* LaunchScreen.storyboard in Resources */ = {isa = PBXBuildFile; fileRef = B5678BD41BF692BC00FE99B9 /* LaunchScreen.storyboard */; };
		B5678BE11BF692BD00FE99B9 /* PurrfectCompanionTests.swift in Sources */ = {isa = PBXBuildFile; fileRef = B5678BE01BF692BD00FE99B9 /* PurrfectCompanionTests.swift */; };
		B5678BEC1BF6936500FE99B9 /* CoreDataStack.swift in Sources */ = {isa = PBXBuildFile; fileRef = B5678BEB1BF6936500FE99B9 /* CoreDataStack.swift */; };
		B5678BEE1BF6974600FE99B9 /* Client.swift in Sources */ = {isa = PBXBuildFile; fileRef = B5678BED1BF6974600FE99B9 /* Client.swift */; };
		B5A0BC4A1BFD7D98003DD876 /* Shelter+CoreDataProperties.swift in Sources */ = {isa = PBXBuildFile; fileRef = B5A0BC441BFD7D98003DD876 /* Shelter+CoreDataProperties.swift */; };
		B5A0BC4B1BFD7D98003DD876 /* Shelter.swift in Sources */ = {isa = PBXBuildFile; fileRef = B5A0BC451BFD7D98003DD876 /* Shelter.swift */; };
		B5A0BC4C1BFD7D98003DD876 /* Photo+CoreDataProperties.swift in Sources */ = {isa = PBXBuildFile; fileRef = B5A0BC461BFD7D98003DD876 /* Photo+CoreDataProperties.swift */; };
		B5A0BC4D1BFD7D98003DD876 /* Photo.swift in Sources */ = {isa = PBXBuildFile; fileRef = B5A0BC471BFD7D98003DD876 /* Photo.swift */; };
		B5A0BC4E1BFD7D98003DD876 /* Cat+CoreDataProperties.swift in Sources */ = {isa = PBXBuildFile; fileRef = B5A0BC481BFD7D98003DD876 /* Cat+CoreDataProperties.swift */; };
		B5A0BC4F1BFD7D98003DD876 /* Cat.swift in Sources */ = {isa = PBXBuildFile; fileRef = B5A0BC491BFD7D98003DD876 /* Cat.swift */; };
		B5A0BC511BFD8236003DD876 /* Client+Constants.swift in Sources */ = {isa = PBXBuildFile; fileRef = B5A0BC501BFD8236003DD876 /* Client+Constants.swift */; };
		B5C7E98E1C02D8DB0091E2F8 /* MapViewController.swift in Sources */ = {isa = PBXBuildFile; fileRef = B5C7E98D1C02D8DB0091E2F8 /* MapViewController.swift */; };
		B5C7E9941C02E0660091E2F8 /* ShelterListViewController.swift in Sources */ = {isa = PBXBuildFile; fileRef = B5C7E9931C02E0660091E2F8 /* ShelterListViewController.swift */; };
		B5C7E9961C02E0C60091E2F8 /* ShelterViewController.swift in Sources */ = {isa = PBXBuildFile; fileRef = B5C7E9951C02E0C60091E2F8 /* ShelterViewController.swift */; };
		B5C7E9981C02E29D0091E2F8 /* ShelterListViewCell.swift in Sources */ = {isa = PBXBuildFile; fileRef = B5C7E9971C02E29D0091E2F8 /* ShelterListViewCell.swift */; };
		B5C7E99A1C02E2DD0091E2F8 /* ShelterViewCell.swift in Sources */ = {isa = PBXBuildFile; fileRef = B5C7E9991C02E2DD0091E2F8 /* ShelterViewCell.swift */; };
/* End PBXBuildFile section */

/* Begin PBXContainerItemProxy section */
		B5678BDD1BF692BD00FE99B9 /* PBXContainerItemProxy */ = {
			isa = PBXContainerItemProxy;
			containerPortal = B5678BBD1BF692BC00FE99B9 /* Project object */;
			proxyType = 1;
			remoteGlobalIDString = B5678BC41BF692BC00FE99B9;
			remoteInfo = PurrfectCompanion;
		};
/* End PBXContainerItemProxy section */

/* Begin PBXFileReference section */
		B501DFF91C30F1AF00D052CB /* PetViewController.swift */ = {isa = PBXFileReference; fileEncoding = 4; lastKnownFileType = sourcecode.swift; path = PetViewController.swift; sourceTree = "<group>"; };
		B544EF9A1C2FA25500796724 /* Utilities.swift */ = {isa = PBXFileReference; fileEncoding = 4; lastKnownFileType = sourcecode.swift; path = Utilities.swift; sourceTree = "<group>"; };
		B544EF9B1C2FA25500796724 /* UtilitiesConstants.swift */ = {isa = PBXFileReference; fileEncoding = 4; lastKnownFileType = sourcecode.swift; path = UtilitiesConstants.swift; sourceTree = "<group>"; };
		B56193C01C290E6700B0C0FF /* Pin+CoreDataProperties.swift */ = {isa = PBXFileReference; fileEncoding = 4; lastKnownFileType = sourcecode.swift; path = "Pin+CoreDataProperties.swift"; sourceTree = "<group>"; };
		B56193C11C290E6700B0C0FF /* Pin.swift */ = {isa = PBXFileReference; fileEncoding = 4; lastKnownFileType = sourcecode.swift; path = Pin.swift; sourceTree = "<group>"; };
		B5678BC51BF692BC00FE99B9 /* PurrfectCompanion.app */ = {isa = PBXFileReference; explicitFileType = wrapper.application; includeInIndex = 0; path = PurrfectCompanion.app; sourceTree = BUILT_PRODUCTS_DIR; };
		B5678BC81BF692BC00FE99B9 /* AppDelegate.swift */ = {isa = PBXFileReference; lastKnownFileType = sourcecode.swift; path = AppDelegate.swift; sourceTree = "<group>"; };
		B5678BCD1BF692BC00FE99B9 /* Base */ = {isa = PBXFileReference; lastKnownFileType = file.storyboard; name = Base; path = Base.lproj/Main.storyboard; sourceTree = "<group>"; };
		B5678BD01BF692BC00FE99B9 /* PurrfectCompanion.xcdatamodel */ = {isa = PBXFileReference; lastKnownFileType = wrapper.xcdatamodel; path = PurrfectCompanion.xcdatamodel; sourceTree = "<group>"; };
		B5678BD21BF692BC00FE99B9 /* Assets.xcassets */ = {isa = PBXFileReference; lastKnownFileType = folder.assetcatalog; path = Assets.xcassets; sourceTree = "<group>"; };
		B5678BD51BF692BC00FE99B9 /* Base */ = {isa = PBXFileReference; lastKnownFileType = file.storyboard; name = Base; path = Base.lproj/LaunchScreen.storyboard; sourceTree = "<group>"; };
		B5678BD71BF692BC00FE99B9 /* Info.plist */ = {isa = PBXFileReference; lastKnownFileType = text.plist.xml; path = Info.plist; sourceTree = "<group>"; };
		B5678BDC1BF692BD00FE99B9 /* PurrfectCompanionTests.xctest */ = {isa = PBXFileReference; explicitFileType = wrapper.cfbundle; includeInIndex = 0; path = PurrfectCompanionTests.xctest; sourceTree = BUILT_PRODUCTS_DIR; };
		B5678BE01BF692BD00FE99B9 /* PurrfectCompanionTests.swift */ = {isa = PBXFileReference; lastKnownFileType = sourcecode.swift; path = PurrfectCompanionTests.swift; sourceTree = "<group>"; };
		B5678BE21BF692BD00FE99B9 /* Info.plist */ = {isa = PBXFileReference; lastKnownFileType = text.plist.xml; path = Info.plist; sourceTree = "<group>"; };
		B5678BEB1BF6936500FE99B9 /* CoreDataStack.swift */ = {isa = PBXFileReference; fileEncoding = 4; lastKnownFileType = sourcecode.swift; path = CoreDataStack.swift; sourceTree = "<group>"; };
		B5678BED1BF6974600FE99B9 /* Client.swift */ = {isa = PBXFileReference; fileEncoding = 4; lastKnownFileType = sourcecode.swift; path = Client.swift; sourceTree = "<group>"; };
		B5A0BC441BFD7D98003DD876 /* Shelter+CoreDataProperties.swift */ = {isa = PBXFileReference; fileEncoding = 4; lastKnownFileType = sourcecode.swift; path = "Shelter+CoreDataProperties.swift"; sourceTree = "<group>"; };
		B5A0BC451BFD7D98003DD876 /* Shelter.swift */ = {isa = PBXFileReference; fileEncoding = 4; lastKnownFileType = sourcecode.swift; path = Shelter.swift; sourceTree = "<group>"; };
		B5A0BC461BFD7D98003DD876 /* Photo+CoreDataProperties.swift */ = {isa = PBXFileReference; fileEncoding = 4; lastKnownFileType = sourcecode.swift; path = "Photo+CoreDataProperties.swift"; sourceTree = "<group>"; };
		B5A0BC471BFD7D98003DD876 /* Photo.swift */ = {isa = PBXFileReference; fileEncoding = 4; lastKnownFileType = sourcecode.swift; path = Photo.swift; sourceTree = "<group>"; };
		B5A0BC481BFD7D98003DD876 /* Cat+CoreDataProperties.swift */ = {isa = PBXFileReference; fileEncoding = 4; lastKnownFileType = sourcecode.swift; path = "Cat+CoreDataProperties.swift"; sourceTree = "<group>"; };
		B5A0BC491BFD7D98003DD876 /* Cat.swift */ = {isa = PBXFileReference; fileEncoding = 4; lastKnownFileType = sourcecode.swift; path = Cat.swift; sourceTree = "<group>"; };
		B5A0BC501BFD8236003DD876 /* Client+Constants.swift */ = {isa = PBXFileReference; fileEncoding = 4; lastKnownFileType = sourcecode.swift; path = "Client+Constants.swift"; sourceTree = "<group>"; };
		B5C7E98D1C02D8DB0091E2F8 /* MapViewController.swift */ = {isa = PBXFileReference; fileEncoding = 4; lastKnownFileType = sourcecode.swift; path = MapViewController.swift; sourceTree = "<group>"; };
		B5C7E9931C02E0660091E2F8 /* ShelterListViewController.swift */ = {isa = PBXFileReference; fileEncoding = 4; lastKnownFileType = sourcecode.swift; path = ShelterListViewController.swift; sourceTree = "<group>"; };
		B5C7E9951C02E0C60091E2F8 /* ShelterViewController.swift */ = {isa = PBXFileReference; fileEncoding = 4; lastKnownFileType = sourcecode.swift; path = ShelterViewController.swift; sourceTree = "<group>"; };
		B5C7E9971C02E29D0091E2F8 /* ShelterListViewCell.swift */ = {isa = PBXFileReference; fileEncoding = 4; lastKnownFileType = sourcecode.swift; path = ShelterListViewCell.swift; sourceTree = "<group>"; };
		B5C7E9991C02E2DD0091E2F8 /* ShelterViewCell.swift */ = {isa = PBXFileReference; fileEncoding = 4; lastKnownFileType = sourcecode.swift; path = ShelterViewCell.swift; sourceTree = "<group>"; };
/* End PBXFileReference section */

/* Begin PBXFrameworksBuildPhase section */
		B5678BC21BF692BC00FE99B9 /* Frameworks */ = {
			isa = PBXFrameworksBuildPhase;
			buildActionMask = 2147483647;
			files = (
			);
			runOnlyForDeploymentPostprocessing = 0;
		};
		B5678BD91BF692BD00FE99B9 /* Frameworks */ = {
			isa = PBXFrameworksBuildPhase;
			buildActionMask = 2147483647;
			files = (
			);
			runOnlyForDeploymentPostprocessing = 0;
		};
/* End PBXFrameworksBuildPhase section */

/* Begin PBXGroup section */
		B5678BBC1BF692BC00FE99B9 = {
			isa = PBXGroup;
			children = (
				B5678BC71BF692BC00FE99B9 /* PurrfectCompanion */,
				B5678BDF1BF692BD00FE99B9 /* PurrfectCompanionTests */,
				B5678BC61BF692BC00FE99B9 /* Products */,
			);
			sourceTree = "<group>";
		};
		B5678BC61BF692BC00FE99B9 /* Products */ = {
			isa = PBXGroup;
			children = (
				B5678BC51BF692BC00FE99B9 /* PurrfectCompanion.app */,
				B5678BDC1BF692BD00FE99B9 /* PurrfectCompanionTests.xctest */,
			);
			name = Products;
			sourceTree = "<group>";
		};
		B5678BC71BF692BC00FE99B9 /* PurrfectCompanion */ = {
			isa = PBXGroup;
			children = (
				B5678BC81BF692BC00FE99B9 /* AppDelegate.swift */,
				B5C7E98D1C02D8DB0091E2F8 /* MapViewController.swift */,
				B5C7E9931C02E0660091E2F8 /* ShelterListViewController.swift */,
				B5C7E9951C02E0C60091E2F8 /* ShelterViewController.swift */,
				B501DFF91C30F1AF00D052CB /* PetViewController.swift */,
				B5C7E9971C02E29D0091E2F8 /* ShelterListViewCell.swift */,
				B5C7E9991C02E2DD0091E2F8 /* ShelterViewCell.swift */,
				B5678BEB1BF6936500FE99B9 /* CoreDataStack.swift */,
				B5678BED1BF6974600FE99B9 /* Client.swift */,
				B5A0BC501BFD8236003DD876 /* Client+Constants.swift */,
				B56193C11C290E6700B0C0FF /* Pin.swift */,
				B56193C01C290E6700B0C0FF /* Pin+CoreDataProperties.swift */,
				B5A0BC451BFD7D98003DD876 /* Shelter.swift */,
				B5A0BC441BFD7D98003DD876 /* Shelter+CoreDataProperties.swift */,
				B5A0BC491BFD7D98003DD876 /* Cat.swift */,
				B5A0BC481BFD7D98003DD876 /* Cat+CoreDataProperties.swift */,
				B5A0BC471BFD7D98003DD876 /* Photo.swift */,
				B5A0BC461BFD7D98003DD876 /* Photo+CoreDataProperties.swift */,
				B544EF9A1C2FA25500796724 /* Utilities.swift */,
				B544EF9B1C2FA25500796724 /* UtilitiesConstants.swift */,
				B5678BCC1BF692BC00FE99B9 /* Main.storyboard */,
				B5678BD41BF692BC00FE99B9 /* LaunchScreen.storyboard */,
				B5678BCF1BF692BC00FE99B9 /* PurrfectCompanion.xcdatamodeld */,
				B5678BD71BF692BC00FE99B9 /* Info.plist */,
				B5678BD21BF692BC00FE99B9 /* Assets.xcassets */,
			);
			path = PurrfectCompanion;
			sourceTree = "<group>";
		};
		B5678BDF1BF692BD00FE99B9 /* PurrfectCompanionTests */ = {
			isa = PBXGroup;
			children = (
				B5678BE01BF692BD00FE99B9 /* PurrfectCompanionTests.swift */,
				B5678BE21BF692BD00FE99B9 /* Info.plist */,
			);
			path = PurrfectCompanionTests;
			sourceTree = "<group>";
		};
/* End PBXGroup section */

/* Begin PBXNativeTarget section */
		B5678BC41BF692BC00FE99B9 /* PurrfectCompanion */ = {
			isa = PBXNativeTarget;
			buildConfigurationList = B5678BE51BF692BD00FE99B9 /* Build configuration list for PBXNativeTarget "PurrfectCompanion" */;
			buildPhases = (
				B5678BC11BF692BC00FE99B9 /* Sources */,
				B5678BC21BF692BC00FE99B9 /* Frameworks */,
				B5678BC31BF692BC00FE99B9 /* Resources */,
			);
			buildRules = (
			);
			dependencies = (
			);
			name = PurrfectCompanion;
			productName = PurrfectCompanion;
			productReference = B5678BC51BF692BC00FE99B9 /* PurrfectCompanion.app */;
			productType = "com.apple.product-type.application";
		};
		B5678BDB1BF692BD00FE99B9 /* PurrfectCompanionTests */ = {
			isa = PBXNativeTarget;
			buildConfigurationList = B5678BE81BF692BD00FE99B9 /* Build configuration list for PBXNativeTarget "PurrfectCompanionTests" */;
			buildPhases = (
				B5678BD81BF692BD00FE99B9 /* Sources */,
				B5678BD91BF692BD00FE99B9 /* Frameworks */,
				B5678BDA1BF692BD00FE99B9 /* Resources */,
			);
			buildRules = (
			);
			dependencies = (
				B5678BDE1BF692BD00FE99B9 /* PBXTargetDependency */,
			);
			name = PurrfectCompanionTests;
			productName = PurrfectCompanionTests;
			productReference = B5678BDC1BF692BD00FE99B9 /* PurrfectCompanionTests.xctest */;
			productType = "com.apple.product-type.bundle.unit-test";
		};
/* End PBXNativeTarget section */

/* Begin PBXProject section */
		B5678BBD1BF692BC00FE99B9 /* Project object */ = {
			isa = PBXProject;
			attributes = {
				LastSwiftUpdateCheck = 0710;
				LastUpgradeCheck = 0710;
				ORGANIZATIONNAME = "Erwin Santacruz";
				TargetAttributes = {
					B5678BC41BF692BC00FE99B9 = {
						CreatedOnToolsVersion = 7.1.1;
					};
					B5678BDB1BF692BD00FE99B9 = {
						CreatedOnToolsVersion = 7.1.1;
						TestTargetID = B5678BC41BF692BC00FE99B9;
					};
				};
			};
			buildConfigurationList = B5678BC01BF692BC00FE99B9 /* Build configuration list for PBXProject "PurrfectCompanion" */;
			compatibilityVersion = "Xcode 3.2";
			developmentRegion = English;
			hasScannedForEncodings = 0;
			knownRegions = (
				en,
				Base,
			);
			mainGroup = B5678BBC1BF692BC00FE99B9;
			productRefGroup = B5678BC61BF692BC00FE99B9 /* Products */;
			projectDirPath = "";
			projectRoot = "";
			targets = (
				B5678BC41BF692BC00FE99B9 /* PurrfectCompanion */,
				B5678BDB1BF692BD00FE99B9 /* PurrfectCompanionTests */,
			);
		};
/* End PBXProject section */

/* Begin PBXResourcesBuildPhase section */
		B5678BC31BF692BC00FE99B9 /* Resources */ = {
			isa = PBXResourcesBuildPhase;
			buildActionMask = 2147483647;
			files = (
				B5678BD61BF692BC00FE99B9 /* LaunchScreen.storyboard in Resources */,
				B5678BD31BF692BC00FE99B9 /* Assets.xcassets in Resources */,
				B5678BCE1BF692BC00FE99B9 /* Main.storyboard in Resources */,
			);
			runOnlyForDeploymentPostprocessing = 0;
		};
		B5678BDA1BF692BD00FE99B9 /* Resources */ = {
			isa = PBXResourcesBuildPhase;
			buildActionMask = 2147483647;
			files = (
			);
			runOnlyForDeploymentPostprocessing = 0;
		};
/* End PBXResourcesBuildPhase section */

/* Begin PBXSourcesBuildPhase section */
		B5678BC11BF692BC00FE99B9 /* Sources */ = {
			isa = PBXSourcesBuildPhase;
			buildActionMask = 2147483647;
			files = (
				B5A0BC511BFD8236003DD876 /* Client+Constants.swift in Sources */,
				B5C7E9941C02E0660091E2F8 /* ShelterListViewController.swift in Sources */,
				B5C7E99A1C02E2DD0091E2F8 /* ShelterViewCell.swift in Sources */,
				B56193C31C290E6700B0C0FF /* Pin.swift in Sources */,
				B5A0BC4B1BFD7D98003DD876 /* Shelter.swift in Sources */,
				B5678BC91BF692BC00FE99B9 /* AppDelegate.swift in Sources */,
				B5A0BC4F1BFD7D98003DD876 /* Cat.swift in Sources */,
				B56193C21C290E6700B0C0FF /* Pin+CoreDataProperties.swift in Sources */,
				B544EF9D1C2FA25500796724 /* UtilitiesConstants.swift in Sources */,
				B5A0BC4D1BFD7D98003DD876 /* Photo.swift in Sources */,
				B5C7E98E1C02D8DB0091E2F8 /* MapViewController.swift in Sources */,
				B5A0BC4E1BFD7D98003DD876 /* Cat+CoreDataProperties.swift in Sources */,
				B5A0BC4A1BFD7D98003DD876 /* Shelter+CoreDataProperties.swift in Sources */,
				B501DFFA1C30F1AF00D052CB /* PetViewController.swift in Sources */,
				B5C7E9981C02E29D0091E2F8 /* ShelterListViewCell.swift in Sources */,
				B544EF9C1C2FA25500796724 /* Utilities.swift in Sources */,
				B5678BD11BF692BC00FE99B9 /* PurrfectCompanion.xcdatamodeld in Sources */,
				B5678BEE1BF6974600FE99B9 /* Client.swift in Sources */,
				B5A0BC4C1BFD7D98003DD876 /* Photo+CoreDataProperties.swift in Sources */,
				B5C7E9961C02E0C60091E2F8 /* ShelterViewController.swift in Sources */,
				B5678BEC1BF6936500FE99B9 /* CoreDataStack.swift in Sources */,
			);
			runOnlyForDeploymentPostprocessing = 0;
		};
		B5678BD81BF692BD00FE99B9 /* Sources */ = {
			isa = PBXSourcesBuildPhase;
			buildActionMask = 2147483647;
			files = (
				B5678BE11BF692BD00FE99B9 /* PurrfectCompanionTests.swift in Sources */,
			);
			runOnlyForDeploymentPostprocessing = 0;
		};
/* End PBXSourcesBuildPhase section */

/* Begin PBXTargetDependency section */
		B5678BDE1BF692BD00FE99B9 /* PBXTargetDependency */ = {
			isa = PBXTargetDependency;
			target = B5678BC41BF692BC00FE99B9 /* PurrfectCompanion */;
			targetProxy = B5678BDD1BF692BD00FE99B9 /* PBXContainerItemProxy */;
		};
/* End PBXTargetDependency section */

/* Begin PBXVariantGroup section */
		B5678BCC1BF692BC00FE99B9 /* Main.storyboard */ = {
			isa = PBXVariantGroup;
			children = (
				B5678BCD1BF692BC00FE99B9 /* Base */,
			);
			name = Main.storyboard;
			sourceTree = "<group>";
		};
		B5678BD41BF692BC00FE99B9 /* LaunchScreen.storyboard */ = {
			isa = PBXVariantGroup;
			children = (
				B5678BD51BF692BC00FE99B9 /* Base */,
			);
			name = LaunchScreen.storyboard;
			sourceTree = "<group>";
		};
/* End PBXVariantGroup section */

/* Begin XCBuildConfiguration section */
		B5678BE31BF692BD00FE99B9 /* Debug */ = {
			isa = XCBuildConfiguration;
			buildSettings = {
				ALWAYS_SEARCH_USER_PATHS = NO;
				CLANG_CXX_LANGUAGE_STANDARD = "gnu++0x";
				CLANG_CXX_LIBRARY = "libc++";
				CLANG_ENABLE_MODULES = YES;
				CLANG_ENABLE_OBJC_ARC = YES;
				CLANG_WARN_BOOL_CONVERSION = YES;
				CLANG_WARN_CONSTANT_CONVERSION = YES;
				CLANG_WARN_DIRECT_OBJC_ISA_USAGE = YES_ERROR;
				CLANG_WARN_EMPTY_BODY = YES;
				CLANG_WARN_ENUM_CONVERSION = YES;
				CLANG_WARN_INT_CONVERSION = YES;
				CLANG_WARN_OBJC_ROOT_CLASS = YES_ERROR;
				CLANG_WARN_UNREACHABLE_CODE = YES;
				CLANG_WARN__DUPLICATE_METHOD_MATCH = YES;
				"CODE_SIGN_IDENTITY[sdk=iphoneos*]" = "iPhone Developer";
				COPY_PHASE_STRIP = NO;
				DEBUG_INFORMATION_FORMAT = dwarf;
				ENABLE_STRICT_OBJC_MSGSEND = YES;
				ENABLE_TESTABILITY = YES;
				GCC_C_LANGUAGE_STANDARD = gnu99;
				GCC_DYNAMIC_NO_PIC = NO;
				GCC_NO_COMMON_BLOCKS = YES;
				GCC_OPTIMIZATION_LEVEL = 0;
				GCC_PREPROCESSOR_DEFINITIONS = (
					"DEBUG=1",
					"$(inherited)",
				);
				GCC_WARN_64_TO_32_BIT_CONVERSION = YES;
				GCC_WARN_ABOUT_RETURN_TYPE = YES_ERROR;
				GCC_WARN_UNDECLARED_SELECTOR = YES;
				GCC_WARN_UNINITIALIZED_AUTOS = YES_AGGRESSIVE;
				GCC_WARN_UNUSED_FUNCTION = YES;
				GCC_WARN_UNUSED_VARIABLE = YES;
				IPHONEOS_DEPLOYMENT_TARGET = 9.1;
				MTL_ENABLE_DEBUG_INFO = YES;
				ONLY_ACTIVE_ARCH = YES;
				SDKROOT = iphoneos;
				SWIFT_OPTIMIZATION_LEVEL = "-Onone";
			};
			name = Debug;
		};
		B5678BE41BF692BD00FE99B9 /* Release */ = {
			isa = XCBuildConfiguration;
			buildSettings = {
				ALWAYS_SEARCH_USER_PATHS = NO;
				CLANG_CXX_LANGUAGE_STANDARD = "gnu++0x";
				CLANG_CXX_LIBRARY = "libc++";
				CLANG_ENABLE_MODULES = YES;
				CLANG_ENABLE_OBJC_ARC = YES;
				CLANG_WARN_BOOL_CONVERSION = YES;
				CLANG_WARN_CONSTANT_CONVERSION = YES;
				CLANG_WARN_DIRECT_OBJC_ISA_USAGE = YES_ERROR;
				CLANG_WARN_EMPTY_BODY = YES;
				CLANG_WARN_ENUM_CONVERSION = YES;
				CLANG_WARN_INT_CONVERSION = YES;
				CLANG_WARN_OBJC_ROOT_CLASS = YES_ERROR;
				CLANG_WARN_UNREACHABLE_CODE = YES;
				CLANG_WARN__DUPLICATE_METHOD_MATCH = YES;
				"CODE_SIGN_IDENTITY[sdk=iphoneos*]" = "iPhone Developer";
				COPY_PHASE_STRIP = NO;
				DEBUG_INFORMATION_FORMAT = "dwarf-with-dsym";
				ENABLE_NS_ASSERTIONS = NO;
				ENABLE_STRICT_OBJC_MSGSEND = YES;
				GCC_C_LANGUAGE_STANDARD = gnu99;
				GCC_NO_COMMON_BLOCKS = YES;
				GCC_WARN_64_TO_32_BIT_CONVERSION = YES;
				GCC_WARN_ABOUT_RETURN_TYPE = YES_ERROR;
				GCC_WARN_UNDECLARED_SELECTOR = YES;
				GCC_WARN_UNINITIALIZED_AUTOS = YES_AGGRESSIVE;
				GCC_WARN_UNUSED_FUNCTION = YES;
				GCC_WARN_UNUSED_VARIABLE = YES;
				IPHONEOS_DEPLOYMENT_TARGET = 9.1;
				MTL_ENABLE_DEBUG_INFO = NO;
				SDKROOT = iphoneos;
				VALIDATE_PRODUCT = YES;
			};
			name = Release;
		};
		B5678BE61BF692BD00FE99B9 /* Debug */ = {
			isa = XCBuildConfiguration;
			buildSettings = {
				ASSETCATALOG_COMPILER_APPICON_NAME = AppIcon;
				INFOPLIST_FILE = PurrfectCompanion/Info.plist;
				LD_RUNPATH_SEARCH_PATHS = "$(inherited) @executable_path/Frameworks";
				PRODUCT_BUNDLE_IDENTIFIER = com.990adjustments.PurrfectCompanion;
				PRODUCT_NAME = "$(TARGET_NAME)";
			};
			name = Debug;
		};
		B5678BE71BF692BD00FE99B9 /* Release */ = {
			isa = XCBuildConfiguration;
			buildSettings = {
				ASSETCATALOG_COMPILER_APPICON_NAME = AppIcon;
				INFOPLIST_FILE = PurrfectCompanion/Info.plist;
				LD_RUNPATH_SEARCH_PATHS = "$(inherited) @executable_path/Frameworks";
				PRODUCT_BUNDLE_IDENTIFIER = com.990adjustments.PurrfectCompanion;
				PRODUCT_NAME = "$(TARGET_NAME)";
			};
			name = Release;
		};
		B5678BE91BF692BD00FE99B9 /* Debug */ = {
			isa = XCBuildConfiguration;
			buildSettings = {
				BUNDLE_LOADER = "$(TEST_HOST)";
				INFOPLIST_FILE = PurrfectCompanionTests/Info.plist;
				LD_RUNPATH_SEARCH_PATHS = "$(inherited) @executable_path/Frameworks @loader_path/Frameworks";
				PRODUCT_BUNDLE_IDENTIFIER = com.990adjustments.PurrfectCompanionTests;
				PRODUCT_NAME = "$(TARGET_NAME)";
				TEST_HOST = "$(BUILT_PRODUCTS_DIR)/PurrfectCompanion.app/PurrfectCompanion";
			};
			name = Debug;
		};
		B5678BEA1BF692BD00FE99B9 /* Release */ = {
			isa = XCBuildConfiguration;
			buildSettings = {
				BUNDLE_LOADER = "$(TEST_HOST)";
				INFOPLIST_FILE = PurrfectCompanionTests/Info.plist;
				LD_RUNPATH_SEARCH_PATHS = "$(inherited) @executable_path/Frameworks @loader_path/Frameworks";
				PRODUCT_BUNDLE_IDENTIFIER = com.990adjustments.PurrfectCompanionTests;
				PRODUCT_NAME = "$(TARGET_NAME)";
				TEST_HOST = "$(BUILT_PRODUCTS_DIR)/PurrfectCompanion.app/PurrfectCompanion";
			};
			name = Release;
		};
/* End XCBuildConfiguration section */

/* Begin XCConfigurationList section */
		B5678BC01BF692BC00FE99B9 /* Build configuration list for PBXProject "PurrfectCompanion" */ = {
			isa = XCConfigurationList;
			buildConfigurations = (
				B5678BE31BF692BD00FE99B9 /* Debug */,
				B5678BE41BF692BD00FE99B9 /* Release */,
			);
			defaultConfigurationIsVisible = 0;
			defaultConfigurationName = Release;
		};
		B5678BE51BF692BD00FE99B9 /* Build configuration list for PBXNativeTarget "PurrfectCompanion" */ = {
			isa = XCConfigurationList;
			buildConfigurations = (
				B5678BE61BF692BD00FE99B9 /* Debug */,
				B5678BE71BF692BD00FE99B9 /* Release */,
			);
			defaultConfigurationIsVisible = 0;
			defaultConfigurationName = Release;
		};
		B5678BE81BF692BD00FE99B9 /* Build configuration list for PBXNativeTarget "PurrfectCompanionTests" */ = {
			isa = XCConfigurationList;
			buildConfigurations = (
				B5678BE91BF692BD00FE99B9 /* Debug */,
				B5678BEA1BF692BD00FE99B9 /* Release */,
			);
			defaultConfigurationIsVisible = 0;
			defaultConfigurationName = Release;
		};
/* End XCConfigurationList section */

/* Begin XCVersionGroup section */
		B5678BCF1BF692BC00FE99B9 /* PurrfectCompanion.xcdatamodeld */ = {
			isa = XCVersionGroup;
			children = (
				B5678BD01BF692BC00FE99B9 /* PurrfectCompanion.xcdatamodel */,
			);
			currentVersion = B5678BD01BF692BC00FE99B9 /* PurrfectCompanion.xcdatamodel */;
			path = PurrfectCompanion.xcdatamodeld;
			sourceTree = "<group>";
			versionGroupType = wrapper.xcdatamodel;
		};
/* End XCVersionGroup section */
	};
	rootObject = B5678BBD1BF692BC00FE99B9 /* Project object */;
}
